// !$*UTF8*$!
{
	archiveVersion = 1;
	classes = {
	};
	objectVersion = 56;
	objects = {

/* Begin PBXBuildFile section */
		CD1C15FD2B1A25C90015E496 /* SettingsView.swift in Sources */ = {isa = PBXBuildFile; fileRef = CD1C15FC2B1A25C90015E496 /* SettingsView.swift */; };
		CD1C16002B1A2EEA0015E496 /* DataModel.xcdatamodeld in Sources */ = {isa = PBXBuildFile; fileRef = CD1C15FE2B1A2EEA0015E496 /* DataModel.xcdatamodeld */; };
		CD1C16022B1A30820015E496 /* DataController.swift in Sources */ = {isa = PBXBuildFile; fileRef = CD1C16012B1A30820015E496 /* DataController.swift */; };
		CD28499E2AF4F073002DB78C /* DrinkIntakeDetailView.swift in Sources */ = {isa = PBXBuildFile; fileRef = CD28499D2AF4F073002DB78C /* DrinkIntakeDetailView.swift */; };
		CD2849A02AF4F6A7002DB78C /* AddDrinkIntakeView.swift in Sources */ = {isa = PBXBuildFile; fileRef = CD28499F2AF4F6A7002DB78C /* AddDrinkIntakeView.swift */; };
		CD2849A22AF4FC63002DB78C /* Helpers.swift in Sources */ = {isa = PBXBuildFile; fileRef = CD2849A12AF4FC63002DB78C /* Helpers.swift */; };
		CD2976DF2AF4E64C00211D23 /* AfterPartyApp.swift in Sources */ = {isa = PBXBuildFile; fileRef = CD2976DE2AF4E64C00211D23 /* AfterPartyApp.swift */; };
		CD2976E12AF4E64C00211D23 /* DrinkIntakeListView.swift in Sources */ = {isa = PBXBuildFile; fileRef = CD2976E02AF4E64C00211D23 /* DrinkIntakeListView.swift */; };
		CD2976E32AF4E64D00211D23 /* Assets.xcassets in Resources */ = {isa = PBXBuildFile; fileRef = CD2976E22AF4E64D00211D23 /* Assets.xcassets */; };
		CD2976E62AF4E64D00211D23 /* Preview Assets.xcassets in Resources */ = {isa = PBXBuildFile; fileRef = CD2976E52AF4E64D00211D23 /* Preview Assets.xcassets */; };
		CD2976EE2AF4E68700211D23 /* DrinkType.swift in Sources */ = {isa = PBXBuildFile; fileRef = CD2976ED2AF4E68700211D23 /* DrinkType.swift */; };
		CD2976F02AF4E7FD00211D23 /* DrinkIntake.swift in Sources */ = {isa = PBXBuildFile; fileRef = CD2976EF2AF4E7FD00211D23 /* DrinkIntake.swift */; };
		CD2976F22AF4E8E100211D23 /* DrinkIntakeList.swift in Sources */ = {isa = PBXBuildFile; fileRef = CD2976F12AF4E8E100211D23 /* DrinkIntakeList.swift */; };
/* End PBXBuildFile section */

/* Begin PBXFileReference section */
		CD1C15FC2B1A25C90015E496 /* SettingsView.swift */ = {isa = PBXFileReference; lastKnownFileType = sourcecode.swift; path = SettingsView.swift; sourceTree = "<group>"; };
		CD1C15FF2B1A2EEA0015E496 /* DataModel.xcdatamodel */ = {isa = PBXFileReference; lastKnownFileType = wrapper.xcdatamodel; path = DataModel.xcdatamodel; sourceTree = "<group>"; };
		CD1C16012B1A30820015E496 /* DataController.swift */ = {isa = PBXFileReference; lastKnownFileType = sourcecode.swift; path = DataController.swift; sourceTree = "<group>"; };
		CD28499D2AF4F073002DB78C /* DrinkIntakeDetailView.swift */ = {isa = PBXFileReference; lastKnownFileType = sourcecode.swift; path = DrinkIntakeDetailView.swift; sourceTree = "<group>"; };
		CD28499F2AF4F6A7002DB78C /* AddDrinkIntakeView.swift */ = {isa = PBXFileReference; lastKnownFileType = sourcecode.swift; path = AddDrinkIntakeView.swift; sourceTree = "<group>"; };
		CD2849A12AF4FC63002DB78C /* Helpers.swift */ = {isa = PBXFileReference; lastKnownFileType = sourcecode.swift; path = Helpers.swift; sourceTree = "<group>"; };
		CD2976DB2AF4E64C00211D23 /* AfterParty.app */ = {isa = PBXFileReference; explicitFileType = wrapper.application; includeInIndex = 0; path = AfterParty.app; sourceTree = BUILT_PRODUCTS_DIR; };
		CD2976DE2AF4E64C00211D23 /* AfterPartyApp.swift */ = {isa = PBXFileReference; lastKnownFileType = sourcecode.swift; path = AfterPartyApp.swift; sourceTree = "<group>"; };
		CD2976E02AF4E64C00211D23 /* DrinkIntakeListView.swift */ = {isa = PBXFileReference; lastKnownFileType = sourcecode.swift; path = DrinkIntakeListView.swift; sourceTree = "<group>"; };
		CD2976E22AF4E64D00211D23 /* Assets.xcassets */ = {isa = PBXFileReference; lastKnownFileType = folder.assetcatalog; path = Assets.xcassets; sourceTree = "<group>"; };
		CD2976E52AF4E64D00211D23 /* Preview Assets.xcassets */ = {isa = PBXFileReference; lastKnownFileType = folder.assetcatalog; path = "Preview Assets.xcassets"; sourceTree = "<group>"; };
		CD2976ED2AF4E68700211D23 /* DrinkType.swift */ = {isa = PBXFileReference; lastKnownFileType = sourcecode.swift; path = DrinkType.swift; sourceTree = "<group>"; };
		CD2976EF2AF4E7FD00211D23 /* DrinkIntake.swift */ = {isa = PBXFileReference; lastKnownFileType = sourcecode.swift; path = DrinkIntake.swift; sourceTree = "<group>"; };
		CD2976F12AF4E8E100211D23 /* DrinkIntakeList.swift */ = {isa = PBXFileReference; lastKnownFileType = sourcecode.swift; path = DrinkIntakeList.swift; sourceTree = "<group>"; };
/* End PBXFileReference section */

/* Begin PBXFrameworksBuildPhase section */
		CD2976D82AF4E64C00211D23 /* Frameworks */ = {
			isa = PBXFrameworksBuildPhase;
			buildActionMask = 2147483647;
			files = (
			);
			runOnlyForDeploymentPostprocessing = 0;
		};
/* End PBXFrameworksBuildPhase section */

/* Begin PBXGroup section */
		CD2976D22AF4E64C00211D23 = {
			isa = PBXGroup;
			children = (
				CD2976DD2AF4E64C00211D23 /* AfterParty */,
				CD2976DC2AF4E64C00211D23 /* Products */,
			);
			sourceTree = "<group>";
		};
		CD2976DC2AF4E64C00211D23 /* Products */ = {
			isa = PBXGroup;
			children = (
				CD2976DB2AF4E64C00211D23 /* AfterParty.app */,
			);
			name = Products;
			sourceTree = "<group>";
		};
		CD2976DD2AF4E64C00211D23 /* AfterParty */ = {
			isa = PBXGroup;
			children = (
				CD2976EC2AF4E66A00211D23 /* model */,
				CD2976DE2AF4E64C00211D23 /* AfterPartyApp.swift */,
				CD2976E02AF4E64C00211D23 /* DrinkIntakeListView.swift */,
				CD1C15FC2B1A25C90015E496 /* SettingsView.swift */,
				CD28499D2AF4F073002DB78C /* DrinkIntakeDetailView.swift */,
				CD28499F2AF4F6A7002DB78C /* AddDrinkIntakeView.swift */,
				CD2976E22AF4E64D00211D23 /* Assets.xcassets */,
				CD2976E42AF4E64D00211D23 /* Preview Content */,
				CD2849A12AF4FC63002DB78C /* Helpers.swift */,
				CD1C15FE2B1A2EEA0015E496 /* DataModel.xcdatamodeld */,
				CD1C16012B1A30820015E496 /* DataController.swift */,
			);
			path = AfterParty;
			sourceTree = "<group>";
		};
		CD2976E42AF4E64D00211D23 /* Preview Content */ = {
			isa = PBXGroup;
			children = (
				CD2976E52AF4E64D00211D23 /* Preview Assets.xcassets */,
			);
			path = "Preview Content";
			sourceTree = "<group>";
		};
		CD2976EC2AF4E66A00211D23 /* model */ = {
			isa = PBXGroup;
			children = (
				CD2976ED2AF4E68700211D23 /* DrinkType.swift */,
				CD2976EF2AF4E7FD00211D23 /* DrinkIntake.swift */,
				CD2976F12AF4E8E100211D23 /* DrinkIntakeList.swift */,
			);
			path = model;
			sourceTree = "<group>";
		};
/* End PBXGroup section */

/* Begin PBXNativeTarget section */
		CD2976DA2AF4E64C00211D23 /* AfterParty */ = {
			isa = PBXNativeTarget;
			buildConfigurationList = CD2976E92AF4E64D00211D23 /* Build configuration list for PBXNativeTarget "AfterParty" */;
			buildPhases = (
				CD2976D72AF4E64C00211D23 /* Sources */,
				CD2976D82AF4E64C00211D23 /* Frameworks */,
				CD2976D92AF4E64C00211D23 /* Resources */,
			);
			buildRules = (
			);
			dependencies = (
			);
			name = AfterParty;
			productName = AfterParty;
			productReference = CD2976DB2AF4E64C00211D23 /* AfterParty.app */;
			productType = "com.apple.product-type.application";
		};
/* End PBXNativeTarget section */

/* Begin PBXProject section */
		CD2976D32AF4E64C00211D23 /* Project object */ = {
			isa = PBXProject;
			attributes = {
				BuildIndependentTargetsInParallel = 1;
				LastSwiftUpdateCheck = 1500;
				LastUpgradeCheck = 1500;
				TargetAttributes = {
					CD2976DA2AF4E64C00211D23 = {
						CreatedOnToolsVersion = 15.0;
					};
				};
			};
			buildConfigurationList = CD2976D62AF4E64C00211D23 /* Build configuration list for PBXProject "AfterParty" */;
			compatibilityVersion = "Xcode 14.0";
			developmentRegion = en;
			hasScannedForEncodings = 0;
			knownRegions = (
				en,
				Base,
			);
			mainGroup = CD2976D22AF4E64C00211D23;
			productRefGroup = CD2976DC2AF4E64C00211D23 /* Products */;
			projectDirPath = "";
			projectRoot = "";
			targets = (
				CD2976DA2AF4E64C00211D23 /* AfterParty */,
			);
		};
/* End PBXProject section */

/* Begin PBXResourcesBuildPhase section */
		CD2976D92AF4E64C00211D23 /* Resources */ = {
			isa = PBXResourcesBuildPhase;
			buildActionMask = 2147483647;
			files = (
				CD2976E62AF4E64D00211D23 /* Preview Assets.xcassets in Resources */,
				CD2976E32AF4E64D00211D23 /* Assets.xcassets in Resources */,
			);
			runOnlyForDeploymentPostprocessing = 0;
		};
/* End PBXResourcesBuildPhase section */

/* Begin PBXSourcesBuildPhase section */
		CD2976D72AF4E64C00211D23 /* Sources */ = {
			isa = PBXSourcesBuildPhase;
			buildActionMask = 2147483647;
			files = (
				CD2976F02AF4E7FD00211D23 /* DrinkIntake.swift in Sources */,
				CD1C16002B1A2EEA0015E496 /* DataModel.xcdatamodeld in Sources */,
				CD2976E12AF4E64C00211D23 /* DrinkIntakeListView.swift in Sources */,
				CD28499E2AF4F073002DB78C /* DrinkIntakeDetailView.swift in Sources */,
				CD1C15FD2B1A25C90015E496 /* SettingsView.swift in Sources */,
				CD1C16022B1A30820015E496 /* DataController.swift in Sources */,
				CD2849A22AF4FC63002DB78C /* Helpers.swift in Sources */,
				CD2849A02AF4F6A7002DB78C /* AddDrinkIntakeView.swift in Sources */,
				CD2976EE2AF4E68700211D23 /* DrinkType.swift in Sources */,
				CD2976DF2AF4E64C00211D23 /* AfterPartyApp.swift in Sources */,
				CD2976F22AF4E8E100211D23 /* DrinkIntakeList.swift in Sources */,
			);
			runOnlyForDeploymentPostprocessing = 0;
		};
/* End PBXSourcesBuildPhase section */

/* Begin XCBuildConfiguration section */
		CD2976E72AF4E64D00211D23 /* Debug */ = {
			isa = XCBuildConfiguration;
			buildSettings = {
				ALWAYS_SEARCH_USER_PATHS = NO;
				ASSETCATALOG_COMPILER_GENERATE_SWIFT_ASSET_SYMBOL_EXTENSIONS = YES;
				CLANG_ANALYZER_NONNULL = YES;
				CLANG_ANALYZER_NUMBER_OBJECT_CONVERSION = YES_AGGRESSIVE;
				CLANG_CXX_LANGUAGE_STANDARD = "gnu++20";
				CLANG_ENABLE_MODULES = YES;
				CLANG_ENABLE_OBJC_ARC = YES;
				CLANG_ENABLE_OBJC_WEAK = YES;
				CLANG_WARN_BLOCK_CAPTURE_AUTORELEASING = YES;
				CLANG_WARN_BOOL_CONVERSION = YES;
				CLANG_WARN_COMMA = YES;
				CLANG_WARN_CONSTANT_CONVERSION = YES;
				CLANG_WARN_DEPRECATED_OBJC_IMPLEMENTATIONS = YES;
				CLANG_WARN_DIRECT_OBJC_ISA_USAGE = YES_ERROR;
				CLANG_WARN_DOCUMENTATION_COMMENTS = YES;
				CLANG_WARN_EMPTY_BODY = YES;
				CLANG_WARN_ENUM_CONVERSION = YES;
				CLANG_WARN_INFINITE_RECURSION = YES;
				CLANG_WARN_INT_CONVERSION = YES;
				CLANG_WARN_NON_LITERAL_NULL_CONVERSION = YES;
				CLANG_WARN_OBJC_IMPLICIT_RETAIN_SELF = YES;
				CLANG_WARN_OBJC_LITERAL_CONVERSION = YES;
				CLANG_WARN_OBJC_ROOT_CLASS = YES_ERROR;
				CLANG_WARN_QUOTED_INCLUDE_IN_FRAMEWORK_HEADER = YES;
				CLANG_WARN_RANGE_LOOP_ANALYSIS = YES;
				CLANG_WARN_STRICT_PROTOTYPES = YES;
				CLANG_WARN_SUSPICIOUS_MOVE = YES;
				CLANG_WARN_UNGUARDED_AVAILABILITY = YES_AGGRESSIVE;
				CLANG_WARN_UNREACHABLE_CODE = YES;
				CLANG_WARN__DUPLICATE_METHOD_MATCH = YES;
				COPY_PHASE_STRIP = NO;
				DEBUG_INFORMATION_FORMAT = dwarf;
				ENABLE_STRICT_OBJC_MSGSEND = YES;
				ENABLE_TESTABILITY = YES;
				ENABLE_USER_SCRIPT_SANDBOXING = YES;
				GCC_C_LANGUAGE_STANDARD = gnu17;
				GCC_DYNAMIC_NO_PIC = NO;
				GCC_NO_COMMON_BLOCKS = YES;
				GCC_OPTIMIZATION_LEVEL = 0;
				GCC_PREPROCESSOR_DEFINITIONS = (
					"DEBUG=1",
					"$(inherited)",
				);
				GCC_WARN_64_TO_32_BIT_CONVERSION = YES;
				GCC_WARN_ABOUT_RETURN_TYPE = YES_ERROR;
				GCC_WARN_UNDECLARED_SELECTOR = YES;
				GCC_WARN_UNINITIALIZED_AUTOS = YES_AGGRESSIVE;
				GCC_WARN_UNUSED_FUNCTION = YES;
				GCC_WARN_UNUSED_VARIABLE = YES;
				IPHONEOS_DEPLOYMENT_TARGET = 17.0;
				LOCALIZATION_PREFERS_STRING_CATALOGS = YES;
				MTL_ENABLE_DEBUG_INFO = INCLUDE_SOURCE;
				MTL_FAST_MATH = YES;
				ONLY_ACTIVE_ARCH = YES;
				SDKROOT = iphoneos;
				SWIFT_ACTIVE_COMPILATION_CONDITIONS = "DEBUG $(inherited)";
				SWIFT_OPTIMIZATION_LEVEL = "-Onone";
			};
			name = Debug;
		};
		CD2976E82AF4E64D00211D23 /* Release */ = {
			isa = XCBuildConfiguration;
			buildSettings = {
				ALWAYS_SEARCH_USER_PATHS = NO;
				ASSETCATALOG_COMPILER_GENERATE_SWIFT_ASSET_SYMBOL_EXTENSIONS = YES;
				CLANG_ANALYZER_NONNULL = YES;
				CLANG_ANALYZER_NUMBER_OBJECT_CONVERSION = YES_AGGRESSIVE;
				CLANG_CXX_LANGUAGE_STANDARD = "gnu++20";
				CLANG_ENABLE_MODULES = YES;
				CLANG_ENABLE_OBJC_ARC = YES;
				CLANG_ENABLE_OBJC_WEAK = YES;
				CLANG_WARN_BLOCK_CAPTURE_AUTORELEASING = YES;
				CLANG_WARN_BOOL_CONVERSION = YES;
				CLANG_WARN_COMMA = YES;
				CLANG_WARN_CONSTANT_CONVERSION = YES;
				CLANG_WARN_DEPRECATED_OBJC_IMPLEMENTATIONS = YES;
				CLANG_WARN_DIRECT_OBJC_ISA_USAGE = YES_ERROR;
				CLANG_WARN_DOCUMENTATION_COMMENTS = YES;
				CLANG_WARN_EMPTY_BODY = YES;
				CLANG_WARN_ENUM_CONVERSION = YES;
				CLANG_WARN_INFINITE_RECURSION = YES;
				CLANG_WARN_INT_CONVERSION = YES;
				CLANG_WARN_NON_LITERAL_NULL_CONVERSION = YES;
				CLANG_WARN_OBJC_IMPLICIT_RETAIN_SELF = YES;
				CLANG_WARN_OBJC_LITERAL_CONVERSION = YES;
				CLANG_WARN_OBJC_ROOT_CLASS = YES_ERROR;
				CLANG_WARN_QUOTED_INCLUDE_IN_FRAMEWORK_HEADER = YES;
				CLANG_WARN_RANGE_LOOP_ANALYSIS = YES;
				CLANG_WARN_STRICT_PROTOTYPES = YES;
				CLANG_WARN_SUSPICIOUS_MOVE = YES;
				CLANG_WARN_UNGUARDED_AVAILABILITY = YES_AGGRESSIVE;
				CLANG_WARN_UNREACHABLE_CODE = YES;
				CLANG_WARN__DUPLICATE_METHOD_MATCH = YES;
				COPY_PHASE_STRIP = NO;
				DEBUG_INFORMATION_FORMAT = "dwarf-with-dsym";
				ENABLE_NS_ASSERTIONS = NO;
				ENABLE_STRICT_OBJC_MSGSEND = YES;
				ENABLE_USER_SCRIPT_SANDBOXING = YES;
				GCC_C_LANGUAGE_STANDARD = gnu17;
				GCC_NO_COMMON_BLOCKS = YES;
				GCC_WARN_64_TO_32_BIT_CONVERSION = YES;
				GCC_WARN_ABOUT_RETURN_TYPE = YES_ERROR;
				GCC_WARN_UNDECLARED_SELECTOR = YES;
				GCC_WARN_UNINITIALIZED_AUTOS = YES_AGGRESSIVE;
				GCC_WARN_UNUSED_FUNCTION = YES;
				GCC_WARN_UNUSED_VARIABLE = YES;
				IPHONEOS_DEPLOYMENT_TARGET = 17.0;
				LOCALIZATION_PREFERS_STRING_CATALOGS = YES;
				MTL_ENABLE_DEBUG_INFO = NO;
				MTL_FAST_MATH = YES;
				SDKROOT = iphoneos;
				SWIFT_COMPILATION_MODE = wholemodule;
				VALIDATE_PRODUCT = YES;
			};
			name = Release;
		};
		CD2976EA2AF4E64D00211D23 /* Debug */ = {
			isa = XCBuildConfiguration;
			buildSettings = {
				ASSETCATALOG_COMPILER_APPICON_NAME = AppIcon;
				ASSETCATALOG_COMPILER_GLOBAL_ACCENT_COLOR_NAME = AccentColor;
				CODE_SIGN_STYLE = Automatic;
				CURRENT_PROJECT_VERSION = 1;
				DEVELOPMENT_ASSET_PATHS = "\"AfterParty/Preview Content\"";
				DEVELOPMENT_TEAM = 5595P3W5KK;
				ENABLE_PREVIEWS = YES;
				GENERATE_INFOPLIST_FILE = YES;
				INFOPLIST_KEY_UIApplicationSceneManifest_Generation = YES;
				INFOPLIST_KEY_UIApplicationSupportsIndirectInputEvents = YES;
				INFOPLIST_KEY_UILaunchScreen_Generation = YES;
				INFOPLIST_KEY_UISupportedInterfaceOrientations_iPad = "UIInterfaceOrientationPortrait UIInterfaceOrientationPortraitUpsideDown UIInterfaceOrientationLandscapeLeft UIInterfaceOrientationLandscapeRight";
				INFOPLIST_KEY_UISupportedInterfaceOrientations_iPhone = "UIInterfaceOrientationPortrait UIInterfaceOrientationLandscapeLeft UIInterfaceOrientationLandscapeRight";
				LD_RUNPATH_SEARCH_PATHS = (
					"$(inherited)",
					"@executable_path/Frameworks",
				);
				MARKETING_VERSION = 1.0;
				PRODUCT_BUNDLE_IDENTIFIER = cz.utb.fai.AfterParty;
				PRODUCT_NAME = "$(TARGET_NAME)";
				SWIFT_EMIT_LOC_STRINGS = YES;
				SWIFT_VERSION = 5.0;
				TARGETED_DEVICE_FAMILY = "1,2";
			};
			name = Debug;
		};
		CD2976EB2AF4E64D00211D23 /* Release */ = {
			isa = XCBuildConfiguration;
			buildSettings = {
				ASSETCATALOG_COMPILER_APPICON_NAME = AppIcon;
				ASSETCATALOG_COMPILER_GLOBAL_ACCENT_COLOR_NAME = AccentColor;
				CODE_SIGN_STYLE = Automatic;
				CURRENT_PROJECT_VERSION = 1;
				DEVELOPMENT_ASSET_PATHS = "\"AfterParty/Preview Content\"";
				DEVELOPMENT_TEAM = 5595P3W5KK;
				ENABLE_PREVIEWS = YES;
				GENERATE_INFOPLIST_FILE = YES;
				INFOPLIST_KEY_UIApplicationSceneManifest_Generation = YES;
				INFOPLIST_KEY_UIApplicationSupportsIndirectInputEvents = YES;
				INFOPLIST_KEY_UILaunchScreen_Generation = YES;
				INFOPLIST_KEY_UISupportedInterfaceOrientations_iPad = "UIInterfaceOrientationPortrait UIInterfaceOrientationPortraitUpsideDown UIInterfaceOrientationLandscapeLeft UIInterfaceOrientationLandscapeRight";
				INFOPLIST_KEY_UISupportedInterfaceOrientations_iPhone = "UIInterfaceOrientationPortrait UIInterfaceOrientationLandscapeLeft UIInterfaceOrientationLandscapeRight";
				LD_RUNPATH_SEARCH_PATHS = (
					"$(inherited)",
					"@executable_path/Frameworks",
				);
				MARKETING_VERSION = 1.0;
				PRODUCT_BUNDLE_IDENTIFIER = cz.utb.fai.AfterParty;
				PRODUCT_NAME = "$(TARGET_NAME)";
				SWIFT_EMIT_LOC_STRINGS = YES;
				SWIFT_VERSION = 5.0;
				TARGETED_DEVICE_FAMILY = "1,2";
			};
			name = Release;
		};
/* End XCBuildConfiguration section */

/* Begin XCConfigurationList section */
		CD2976D62AF4E64C00211D23 /* Build configuration list for PBXProject "AfterParty" */ = {
			isa = XCConfigurationList;
			buildConfigurations = (
				CD2976E72AF4E64D00211D23 /* Debug */,
				CD2976E82AF4E64D00211D23 /* Release */,
			);
			defaultConfigurationIsVisible = 0;
			defaultConfigurationName = Release;
		};
		CD2976E92AF4E64D00211D23 /* Build configuration list for PBXNativeTarget "AfterParty" */ = {
			isa = XCConfigurationList;
			buildConfigurations = (
				CD2976EA2AF4E64D00211D23 /* Debug */,
				CD2976EB2AF4E64D00211D23 /* Release */,
			);
			defaultConfigurationIsVisible = 0;
			defaultConfigurationName = Release;
		};
/* End XCConfigurationList section */

/* Begin XCVersionGroup section */
		CD1C15FE2B1A2EEA0015E496 /* DataModel.xcdatamodeld */ = {
			isa = XCVersionGroup;
			children = (
				CD1C15FF2B1A2EEA0015E496 /* DataModel.xcdatamodel */,
			);
			currentVersion = CD1C15FF2B1A2EEA0015E496 /* DataModel.xcdatamodel */;
			path = DataModel.xcdatamodeld;
			sourceTree = "<group>";
			versionGroupType = wrapper.xcdatamodel;
		};
/* End XCVersionGroup section */
	};
	rootObject = CD2976D32AF4E64C00211D23 /* Project object */;
}
